
Microsoft Visual Studio Solution File, Format Version 11.00
# Visual Studio 2010
Project("{FAE04EC0-301F-11D3-BF4B-00C04F79EFBC}") = "Assembly-CSharp", "Assembly-CSharp.csproj", "{805C9D41-D90A-1DFD-06A4-C3C1F80552DF}"
EndProject
Project("{FAE04EC0-301F-11D3-BF4B-00C04F79EFBC}") = "Assembly-CSharp-Editor", "Assembly-CSharp-Editor.csproj", "{D89E72DA-67FE-5CA6-53B5-8B5EA9229591}"
EndProject
Global
	GlobalSection(SolutionConfigurationPlatforms) = preSolution
		Debug|Any CPU = Debug|Any CPU
		Release|Any CPU = Release|Any CPU
	EndGlobalSection
	GlobalSection(ProjectConfigurationPlatforms) = postSolution
		{805C9D41-D90A-1DFD-06A4-C3C1F80552DF}.Debug|Any CPU.ActiveCfg = Debug|Any CPU
		{805C9D41-D90A-1DFD-06A4-C3C1F80552DF}.Debug|Any CPU.Build.0 = Debug|Any CPU
		{805C9D41-D90A-1DFD-06A4-C3C1F80552DF}.Release|Any CPU.ActiveCfg = Release|Any CPU
		{805C9D41-D90A-1DFD-06A4-C3C1F80552DF}.Release|Any CPU.Build.0 = Release|Any CPU
		{D89E72DA-67FE-5CA6-53B5-8B5EA9229591}.Debug|Any CPU.ActiveCfg = Debug|Any CPU
		{D89E72DA-67FE-5CA6-53B5-8B5EA9229591}.Debug|Any CPU.Build.0 = Debug|Any CPU
		{D89E72DA-67FE-5CA6-53B5-8B5EA9229591}.Release|Any CPU.ActiveCfg = Release|Any CPU
		{D89E72DA-67FE-5CA6-53B5-8B5EA9229591}.Release|Any CPU.Build.0 = Release|Any CPU
	EndGlobalSection
	GlobalSection(SolutionProperties) = preSolution
		HideSolutionNode = FALSE
	EndGlobalSection
EndGlobal
